
Microsoft Visual Studio Solution File, Format Version 12.00
Project("{2150E333-8FDC-42A3-9474-1A3956D46DE8}") = "src", "src", "{BF9567F5-10DA-4CE0-BB56-944F33CE3331}"
EndProject
Project("{2150E333-8FDC-42A3-9474-1A3956D46DE8}") = "tests", "tests", "{5C4002D6-EB22-4101-ACAE-7185A2B8D9B0}"
EndProject
Project("{2150E333-8FDC-42A3-9474-1A3956D46DE8}") = "Solution Items", "Solution Items", "{14366E5C-3AD5-44F8-BB9D-CB4F6BFFD26B}"
	ProjectSection(SolutionItems) = preProject
		.dockerignore = .dockerignore
		.gitignore = .gitignore
		docker-compose.yml = docker-compose.yml
	EndProjectSection
EndProject
Project("{FAE04EC0-301F-11D3-BF4B-00C04F79EFBC}") = "Ocs.Api", "src\Ocs.Api\Ocs.Api.csproj", "{E738946E-6965-495C-BBE5-9022322E5E7B}"
EndProject
Project("{FAE04EC0-301F-11D3-BF4B-00C04F79EFBC}") = "Ocs.Domain", "src\Ocs.Domain\Ocs.Domain.csproj", "{A0845EA5-1FA0-4A78-93E3-7B606E0C3DB7}"
EndProject
Project("{FAE04EC0-301F-11D3-BF4B-00C04F79EFBC}") = "Ocs.Infrastructure", "src\Ocs.Infrastructure\Ocs.Infrastructure.csproj", "{61AC7799-D5A9-4AF8-8BED-56DFFF948234}"
EndProject
Project("{FAE04EC0-301F-11D3-BF4B-00C04F79EFBC}") = "Ocs.Domain.Tests", "tests\Ocs.Domain.Tests\Ocs.Domain.Tests.csproj", "{0A53A4CF-C76B-48E9-A408-516CFAA5808F}"
EndProject
Project("{FAE04EC0-301F-11D3-BF4B-00C04F79EFBC}") = "Ocs.Infrastructure.Tests", "tests\Ocs.Infrastructure.Tests\Ocs.Infrastructure.Tests.csproj", "{2CDC5CE3-3DCF-4EE2-978A-C62E448BE15C}"
EndProject
Project("{FAE04EC0-301F-11D3-BF4B-00C04F79EFBC}") = "Ocs.ApplicationLayer", "src\Ocs.ApplicationLayer\Ocs.ApplicationLayer.csproj", "{0E2DD8DD-F75D-482E-9DEC-A85CCC071E98}"
EndProject
Project("{FAE04EC0-301F-11D3-BF4B-00C04F79EFBC}") = "Ocs.ApplicationLayer.Tests", "tests\Ocs.ApplicationLayer.Tests\Ocs.ApplicationLayer.Tests.csproj", "{BCC3B7DA-D25C-4CF0-979F-CB514C5E3F8E}"
EndProject
Project("{FAE04EC0-301F-11D3-BF4B-00C04F79EFBC}") = "Ocs.ApplicationLayer.Abstractions", "src\Ocs.ApplicationLayer.Abstractions\Ocs.ApplicationLayer.Abstractions.csproj", "{F093B83B-5E6C-4285-8DF7-10DA79ED6479}"
EndProject
Project("{FAE04EC0-301F-11D3-BF4B-00C04F79EFBC}") = "Ocs.ApplicationLayer.Views", "src\Ocs.ApplicationLayer.Views\Ocs.ApplicationLayer.Views.csproj", "{52D060F9-EE28-42CC-9D44-D6B1E296C0E9}"
EndProject
Global
	GlobalSection(SolutionConfigurationPlatforms) = preSolution
		Debug|Any CPU = Debug|Any CPU
		Release|Any CPU = Release|Any CPU
	EndGlobalSection
	GlobalSection(NestedProjects) = preSolution
		{E738946E-6965-495C-BBE5-9022322E5E7B} = {BF9567F5-10DA-4CE0-BB56-944F33CE3331}
		{A0845EA5-1FA0-4A78-93E3-7B606E0C3DB7} = {BF9567F5-10DA-4CE0-BB56-944F33CE3331}
		{61AC7799-D5A9-4AF8-8BED-56DFFF948234} = {BF9567F5-10DA-4CE0-BB56-944F33CE3331}
		{0A53A4CF-C76B-48E9-A408-516CFAA5808F} = {5C4002D6-EB22-4101-ACAE-7185A2B8D9B0}
		{2CDC5CE3-3DCF-4EE2-978A-C62E448BE15C} = {5C4002D6-EB22-4101-ACAE-7185A2B8D9B0}
		{0E2DD8DD-F75D-482E-9DEC-A85CCC071E98} = {BF9567F5-10DA-4CE0-BB56-944F33CE3331}
		{BCC3B7DA-D25C-4CF0-979F-CB514C5E3F8E} = {5C4002D6-EB22-4101-ACAE-7185A2B8D9B0}
		{F093B83B-5E6C-4285-8DF7-10DA79ED6479} = {BF9567F5-10DA-4CE0-BB56-944F33CE3331}
		{52D060F9-EE28-42CC-9D44-D6B1E296C0E9} = {BF9567F5-10DA-4CE0-BB56-944F33CE3331}
	EndGlobalSection
	GlobalSection(ProjectConfigurationPlatforms) = postSolution
		{E738946E-6965-495C-BBE5-9022322E5E7B}.Debug|Any CPU.ActiveCfg = Debug|Any CPU
		{E738946E-6965-495C-BBE5-9022322E5E7B}.Debug|Any CPU.Build.0 = Debug|Any CPU
		{E738946E-6965-495C-BBE5-9022322E5E7B}.Release|Any CPU.ActiveCfg = Release|Any CPU
		{E738946E-6965-495C-BBE5-9022322E5E7B}.Release|Any CPU.Build.0 = Release|Any CPU
		{A0845EA5-1FA0-4A78-93E3-7B606E0C3DB7}.Debug|Any CPU.ActiveCfg = Debug|Any CPU
		{A0845EA5-1FA0-4A78-93E3-7B606E0C3DB7}.Debug|Any CPU.Build.0 = Debug|Any CPU
		{A0845EA5-1FA0-4A78-93E3-7B606E0C3DB7}.Release|Any CPU.ActiveCfg = Release|Any CPU
		{A0845EA5-1FA0-4A78-93E3-7B606E0C3DB7}.Release|Any CPU.Build.0 = Release|Any CPU
		{61AC7799-D5A9-4AF8-8BED-56DFFF948234}.Debug|Any CPU.ActiveCfg = Debug|Any CPU
		{61AC7799-D5A9-4AF8-8BED-56DFFF948234}.Debug|Any CPU.Build.0 = Debug|Any CPU
		{61AC7799-D5A9-4AF8-8BED-56DFFF948234}.Release|Any CPU.ActiveCfg = Release|Any CPU
		{61AC7799-D5A9-4AF8-8BED-56DFFF948234}.Release|Any CPU.Build.0 = Release|Any CPU
		{0A53A4CF-C76B-48E9-A408-516CFAA5808F}.Debug|Any CPU.ActiveCfg = Debug|Any CPU
		{0A53A4CF-C76B-48E9-A408-516CFAA5808F}.Debug|Any CPU.Build.0 = Debug|Any CPU
		{0A53A4CF-C76B-48E9-A408-516CFAA5808F}.Release|Any CPU.ActiveCfg = Release|Any CPU
		{0A53A4CF-C76B-48E9-A408-516CFAA5808F}.Release|Any CPU.Build.0 = Release|Any CPU
		{2CDC5CE3-3DCF-4EE2-978A-C62E448BE15C}.Debug|Any CPU.ActiveCfg = Debug|Any CPU
		{2CDC5CE3-3DCF-4EE2-978A-C62E448BE15C}.Debug|Any CPU.Build.0 = Debug|Any CPU
		{2CDC5CE3-3DCF-4EE2-978A-C62E448BE15C}.Release|Any CPU.ActiveCfg = Release|Any CPU
		{2CDC5CE3-3DCF-4EE2-978A-C62E448BE15C}.Release|Any CPU.Build.0 = Release|Any CPU
		{0E2DD8DD-F75D-482E-9DEC-A85CCC071E98}.Debug|Any CPU.ActiveCfg = Debug|Any CPU
		{0E2DD8DD-F75D-482E-9DEC-A85CCC071E98}.Debug|Any CPU.Build.0 = Debug|Any CPU
		{0E2DD8DD-F75D-482E-9DEC-A85CCC071E98}.Release|Any CPU.ActiveCfg = Release|Any CPU
		{0E2DD8DD-F75D-482E-9DEC-A85CCC071E98}.Release|Any CPU.Build.0 = Release|Any CPU
		{BCC3B7DA-D25C-4CF0-979F-CB514C5E3F8E}.Debug|Any CPU.ActiveCfg = Debug|Any CPU
		{BCC3B7DA-D25C-4CF0-979F-CB514C5E3F8E}.Debug|Any CPU.Build.0 = Debug|Any CPU
		{BCC3B7DA-D25C-4CF0-979F-CB514C5E3F8E}.Release|Any CPU.ActiveCfg = Release|Any CPU
		{BCC3B7DA-D25C-4CF0-979F-CB514C5E3F8E}.Release|Any CPU.Build.0 = Release|Any CPU
		{F093B83B-5E6C-4285-8DF7-10DA79ED6479}.Debug|Any CPU.ActiveCfg = Debug|Any CPU
		{F093B83B-5E6C-4285-8DF7-10DA79ED6479}.Debug|Any CPU.Build.0 = Debug|Any CPU
		{F093B83B-5E6C-4285-8DF7-10DA79ED6479}.Release|Any CPU.ActiveCfg = Release|Any CPU
		{F093B83B-5E6C-4285-8DF7-10DA79ED6479}.Release|Any CPU.Build.0 = Release|Any CPU
		{52D060F9-EE28-42CC-9D44-D6B1E296C0E9}.Debug|Any CPU.ActiveCfg = Debug|Any CPU
		{52D060F9-EE28-42CC-9D44-D6B1E296C0E9}.Debug|Any CPU.Build.0 = Debug|Any CPU
		{52D060F9-EE28-42CC-9D44-D6B1E296C0E9}.Release|Any CPU.ActiveCfg = Release|Any CPU
		{52D060F9-EE28-42CC-9D44-D6B1E296C0E9}.Release|Any CPU.Build.0 = Release|Any CPU
	EndGlobalSection
EndGlobal
